
Microsoft Visual Studio Solution File, Format Version 12.00
# Visual Studio Version 17
VisualStudioVersion = 17.11.35208.52
MinimumVisualStudioVersion = 10.0.40219.1
Project("{FAE04EC0-301F-11D3-BF4B-00C04F79EFBC}") = "menu_latana", "menu_latana.csproj", "{B57DDD4D-DF88-4455-928C-FA18AFF3039F}"
EndProject
Global
	GlobalSection(SolutionConfigurationPlatforms) = preSolution
		Debug|Any CPU = Debug|Any CPU
		Release|Any CPU = Release|Any CPU
	EndGlobalSection
	GlobalSection(ProjectConfigurationPlatforms) = postSolution
		{B57DDD4D-DF88-4455-928C-FA18AFF3039F}.Debug|Any CPU.ActiveCfg = Debug|Any CPU
		{B57DDD4D-DF88-4455-928C-FA18AFF3039F}.Debug|Any CPU.Build.0 = Debug|Any CPU
		{B57DDD4D-DF88-4455-928C-FA18AFF3039F}.Release|Any CPU.ActiveCfg = Release|Any CPU
		{B57DDD4D-DF88-4455-928C-FA18AFF3039F}.Release|Any CPU.Build.0 = Release|Any CPU
	EndGlobalSection
	GlobalSection(SolutionProperties) = preSolution
		HideSolutionNode = FALSE
	EndGlobalSection
	GlobalSection(ExtensibilityGlobals) = postSolution
		SolutionGuid = {03D2C583-1D9D-48AF-9017-CE60A6722947}
	EndGlobalSection
EndGlobal
